<?xml version="1.0" encoding="utf-8"?>

<Project ToolsVersion="12.0" xmlns="http://schemas.microsoft.com/developer/msbuild/2003">
  <ItemGroup>
    <Filter Include="sBMP4">
      <UniqueIdentifier>{785B8CD3-1861-9D4B-5714-43F9E0DE93E9}</UniqueIdentifier>
    </Filter>
    <Filter Include="sBMP4\Source">
      <UniqueIdentifier>{7B5539AB-B5F2-334B-F39C-4B6C0064855F}</UniqueIdentifier>
    </Filter>
    <Filter Include="Juce Library Code">
      <UniqueIdentifier>{8B4D1BAA-6DB4-CAEC-A0FA-271F354D5C61}</UniqueIdentifier>
    </Filter>
  </ItemGroup>
  <ItemGroup>
    <ClCompile Include="..\..\Source\sBMP4SoundsAndVoices.cpp">
      <Filter>sBMP4\Source</Filter>
    </ClCompile>
    <ClCompile Include="..\..\Source\PluginProcessor.cpp">
      <Filter>sBMP4\Source</Filter>
    </ClCompile>
    <ClCompile Include="..\..\Source\PluginEditor.cpp">
      <Filter>sBMP4\Source</Filter>
    </ClCompile>
  </ItemGroup>
  <ItemGroup>
    <ClInclude Include="..\..\Source\sBMP4SoundsAndVoices.h">
      <Filter>sBMP4\Source</Filter>
    </ClInclude>
    <ClInclude Include="..\..\Source\constants.h">
      <Filter>sBMP4\Source</Filter>
    </ClInclude>
    <ClInclude Include="..\..\Source\PluginProcessor.h">
      <Filter>sBMP4\Source</Filter>
    </ClInclude>
    <ClInclude Include="..\..\Source\PluginEditor.h">
      <Filter>sBMP4\Source</Filter>
    </ClInclude>
    <ClInclude Include="..\..\JuceLibraryCode\AppConfig.h">
      <Filter>Juce Library Code</Filter>
    </ClInclude>
    <ClInclude Include="..\..\JuceLibraryCode\JuceHeader.h">
      <Filter>Juce Library Code</Filter>
    </ClInclude>
  </ItemGroup>
  <ItemGroup>
    <ResourceCompile Include=".\resources.rc">
      <Filter>Juce Library Code</Filter>
    </ResourceCompile>
  </ItemGroup>
</Project>
