// !$*UTF8*$!
{
	archiveVersion = 1;
	classes = {
	};
	objectVersion = 46;
	objects = {

		36925E35D879A14E5B5A29C9 = {isa = PBXBuildFile; fileRef = ECF1E98CD0B090A520ECF0CC; };
		ADCC1F188FC250EBF581EE75 = {isa = PBXBuildFile; fileRef = 6B90494E2B38C567E30DD5B0; };
		B4A211A858B5F8BE24F49624 = {isa = PBXBuildFile; fileRef = 8F7EC7134D9B11F90BEC44F7; };
		6E8CD8837605ED4F9ADBD8BC = {isa = PBXBuildFile; fileRef = E24BFCFF80B93E094FFF4C59; };
		0054F225396C0ADC38B214DE = {isa = PBXFileReference; lastKnownFileType = sourcecode.c.h; name = sBMP4SoundsAndVoices.h; path = ../../Source/sBMP4SoundsAndVoices.h; sourceTree = "SOURCE_ROOT"; };
		08EEA8FAAFF34EF88E87D5E9 = {isa = PBXFileReference; lastKnownFileType = sourcecode.c.h; name = PluginProcessor.h; path = ../../Source/PluginProcessor.h; sourceTree = "SOURCE_ROOT"; };
		1782140EF3306DC68018D380 = {isa = PBXFileReference; explicitFileType = wrapper.cfbundle; includeInIndex = 0; path = sBMP4.component; sourceTree = "BUILT_PRODUCTS_DIR"; };
		1A64BB6F179B7B492522ADED = {isa = PBXFileReference; lastKnownFileType = sourcecode.c.h; name = PluginEditor.h; path = ../../Source/PluginEditor.h; sourceTree = "SOURCE_ROOT"; };
		4028F843345EECDBDE2FF174 = {isa = PBXFileReference; lastKnownFileType = sourcecode.c.h; name = constants.h; path = ../../Source/constants.h; sourceTree = "SOURCE_ROOT"; };
		6B90494E2B38C567E30DD5B0 = {isa = PBXFileReference; lastKnownFileType = sourcecode.cpp.cpp; name = sBMP4SoundsAndVoices.cpp; path = ../../Source/sBMP4SoundsAndVoices.cpp; sourceTree = "SOURCE_ROOT"; };
		8F7EC7134D9B11F90BEC44F7 = {isa = PBXFileReference; lastKnownFileType = sourcecode.cpp.cpp; name = PluginProcessor.cpp; path = ../../Source/PluginProcessor.cpp; sourceTree = "SOURCE_ROOT"; };
		BA0FE1E357AD89DAFE185B0C = {isa = PBXFileReference; lastKnownFileType = sourcecode.c.h; name = AppConfig.h; path = ../../JuceLibraryCode/AppConfig.h; sourceTree = "SOURCE_ROOT"; };
		CA0D72CE5ABA7643ECE6D9C4 = {isa = PBXFileReference; lastKnownFileType = text.plist.xml; name = Info.plist; path = Info.plist; sourceTree = "SOURCE_ROOT"; };
		CAD43635663B4C97B5A02C4E = {isa = PBXFileReference; lastKnownFileType = sourcecode.c.h; name = JuceHeader.h; path = ../../JuceLibraryCode/JuceHeader.h; sourceTree = "SOURCE_ROOT"; };
		E24BFCFF80B93E094FFF4C59 = {isa = PBXFileReference; lastKnownFileType = sourcecode.cpp.cpp; name = PluginEditor.cpp; path = ../../Source/PluginEditor.cpp; sourceTree = "SOURCE_ROOT"; };
		ECF1E98CD0B090A520ECF0CC = {isa = PBXFileReference; lastKnownFileType = file.nib; name = RecentFilesMenuTemplate.nib; path = RecentFilesMenuTemplate.nib; sourceTree = "SOURCE_ROOT"; };
		F6267B5D5AF8EB2A1F07B9DA = {isa = PBXGroup; children = (
					6B90494E2B38C567E30DD5B0,
					0054F225396C0ADC38B214DE,
					4028F843345EECDBDE2FF174,
					8F7EC7134D9B11F90BEC44F7,
					08EEA8FAAFF34EF88E87D5E9,
					E24BFCFF80B93E094FFF4C59,
					1A64BB6F179B7B492522ADED, ); name = Source; sourceTree = "<group>"; };
		62FD1C59B9846CD1FE6F0CCB = {isa = PBXGroup; children = (
					F6267B5D5AF8EB2A1F07B9DA, ); name = sBMP4; sourceTree = "<group>"; };
		A9E4E5C7E485748EB4E58680 = {isa = PBXGroup; children = (
					BA0FE1E357AD89DAFE185B0C,
					CAD43635663B4C97B5A02C4E, ); name = "Juce Library Code"; sourceTree = "<group>"; };
		E52A8564027DD4A0A478D12E = {isa = PBXGroup; children = (
					CA0D72CE5ABA7643ECE6D9C4,
					ECF1E98CD0B090A520ECF0CC, ); name = Resources; sourceTree = "<group>"; };
		92FA24FA299E8938A944FE05 = {isa = PBXGroup; children = (  ); name = Frameworks; sourceTree = "<group>"; };
		E5344A8C021D72CD1DC6B23D = {isa = PBXGroup; children = (
					1782140EF3306DC68018D380, ); name = Products; sourceTree = "<group>"; };
		88A0F90E60A336E453B2D18E = {isa = PBXGroup; children = (
					62FD1C59B9846CD1FE6F0CCB,
					A9E4E5C7E485748EB4E58680,
					E52A8564027DD4A0A478D12E,
					92FA24FA299E8938A944FE05,
					E5344A8C021D72CD1DC6B23D, ); name = Source; sourceTree = "<group>"; };
		37C1C6C1C2871AED0E3B3F81 = {isa = XCBuildConfiguration; buildSettings = {
				CLANG_CXX_LANGUAGE_STANDARD = "c++0x";
				CLANG_LINK_OBJC_RUNTIME = NO;
				COMBINE_HIDPI_IMAGES = YES;
				CONFIGURATION_BUILD_DIR = "$(PROJECT_DIR)/build/$(CONFIGURATION)";
				COPY_PHASE_STRIP = NO;
				GCC_DYNAMIC_NO_PIC = NO;
				GCC_OPTIMIZATION_LEVEL = 0;
				GCC_PREPROCESSOR_DEFINITIONS = (
					"_DEBUG=1",
					"DEBUG=1",
					"JUCER_XCODE_MAC_F6D2F4CF=1",
					"JUCE_APP_VERSION=1.0.0",
					"JUCE_APP_VERSION_HEX=0x10000", );
				GCC_VERSION = com.apple.compilers.llvm.clang.1_0;
				GENERATE_PKGINFO_FILE = YES;
				HEADER_SEARCH_PATHS = ("../../JuceLibraryCode", "$(inherited)");
				INFOPLIST_FILE = Info.plist;
				INSTALL_PATH = "$(HOME)/Library/Audio/Plug-Ins/Components/";
				LIBRARY_STYLE = Bundle;
				MACOSX_DEPLOYMENT_TARGET_ppc = 10.4;
				OTHER_LDFLAGS = "-bundle";
				OTHER_REZFLAGS = "-d ppc_$ppc -d i386_$i386 -d ppc64_$ppc64 -d x86_64_$x86_64 -I /System/Library/Frameworks/CoreServices.framework/Frameworks/CarbonCore.framework/Versions/A/Headers -I \"$(DEVELOPER_DIR)/Extras/CoreAudio/AudioUnits/AUPublic/AUBase\"";
				SDKROOT_ppc = macosx10.5;
				WRAPPER_EXTENSION = component; }; name = Debug; };
		EB50211B50D2D8E90C135AB0 = {isa = XCBuildConfiguration; buildSettings = {
				CLANG_CXX_LANGUAGE_STANDARD = "c++0x";
				CLANG_LINK_OBJC_RUNTIME = NO;
				COMBINE_HIDPI_IMAGES = YES;
				CONFIGURATION_BUILD_DIR = "$(PROJECT_DIR)/build/$(CONFIGURATION)";
				DEAD_CODE_STRIPPING = YES;
				GCC_GENERATE_DEBUGGING_SYMBOLS = NO;
				GCC_OPTIMIZATION_LEVEL = 3;
				GCC_PREPROCESSOR_DEFINITIONS = (
					"_NDEBUG=1",
					"NDEBUG=1",
					"JUCER_XCODE_MAC_F6D2F4CF=1",
					"JUCE_APP_VERSION=1.0.0",
					"JUCE_APP_VERSION_HEX=0x10000", );
				GCC_SYMBOLS_PRIVATE_EXTERN = YES;
				GCC_VERSION = com.apple.compilers.llvm.clang.1_0;
				GENERATE_PKGINFO_FILE = YES;
				HEADER_SEARCH_PATHS = ("../../JuceLibraryCode", "$(inherited)");
				INFOPLIST_FILE = Info.plist;
				INSTALL_PATH = "$(HOME)/Library/Audio/Plug-Ins/Components/";
				LIBRARY_STYLE = Bundle;
				MACOSX_DEPLOYMENT_TARGET_ppc = 10.4;
				OTHER_LDFLAGS = "-bundle";
				OTHER_REZFLAGS = "-d ppc_$ppc -d i386_$i386 -d ppc64_$ppc64 -d x86_64_$x86_64 -I /System/Library/Frameworks/CoreServices.framework/Frameworks/CarbonCore.framework/Versions/A/Headers -I \"$(DEVELOPER_DIR)/Extras/CoreAudio/AudioUnits/AUPublic/AUBase\"";
				SDKROOT_ppc = macosx10.5;
				WRAPPER_EXTENSION = component; }; name = Release; };
		0C955E3D55EC450F54918F64 = {isa = XCBuildConfiguration; buildSettings = {
				ALWAYS_SEARCH_USER_PATHS = NO;
				DEBUG_INFORMATION_FORMAT = "dwarf";
				GCC_C_LANGUAGE_STANDARD = c99;
				GCC_INLINES_ARE_PRIVATE_EXTERN = YES;
				GCC_MODEL_TUNING = G5;
				GCC_WARN_ABOUT_RETURN_TYPE = YES;
				GCC_WARN_CHECK_SWITCH_STATEMENTS = YES;
				GCC_WARN_MISSING_PARENTHESES = YES;
				GCC_WARN_NON_VIRTUAL_DESTRUCTOR = YES;
				GCC_WARN_TYPECHECK_CALLS_TO_PRINTF = YES;
				GCC_WARN_UNUSED_VARIABLE = YES;
				ONLY_ACTIVE_ARCH = YES;
				PRODUCT_NAME = "sBMP4";
				WARNING_CFLAGS = -Wreorder;
				ZERO_LINK = NO; }; name = Debug; };
		D88243FE8A9DFDC4809FC5B5 = {isa = XCBuildConfiguration; buildSettings = {
				ALWAYS_SEARCH_USER_PATHS = NO;
				DEBUG_INFORMATION_FORMAT = "dwarf";
				GCC_C_LANGUAGE_STANDARD = c99;
				GCC_INLINES_ARE_PRIVATE_EXTERN = YES;
				GCC_MODEL_TUNING = G5;
				GCC_WARN_ABOUT_RETURN_TYPE = YES;
				GCC_WARN_CHECK_SWITCH_STATEMENTS = YES;
				GCC_WARN_MISSING_PARENTHESES = YES;
				GCC_WARN_NON_VIRTUAL_DESTRUCTOR = YES;
				GCC_WARN_TYPECHECK_CALLS_TO_PRINTF = YES;
				GCC_WARN_UNUSED_VARIABLE = YES;
				PRODUCT_NAME = "sBMP4";
				WARNING_CFLAGS = -Wreorder;
				ZERO_LINK = NO; }; name = Release; };
		A5C9222D7CAA4F2049D4A266 = {isa = XCConfigurationList; buildConfigurations = (
					0C955E3D55EC450F54918F64,
					D88243FE8A9DFDC4809FC5B5, ); defaultConfigurationIsVisible = 0; defaultConfigurationName = Debug; };
		C04B55E17E4601CFF6FB1C62 = {isa = XCConfigurationList; buildConfigurations = (
					37C1C6C1C2871AED0E3B3F81,
					EB50211B50D2D8E90C135AB0, ); defaultConfigurationIsVisible = 0; defaultConfigurationName = Debug; };
		B429E40827AF6EA769286183 = {isa = PBXResourcesBuildPhase; buildActionMask = 2147483647; files = (
					36925E35D879A14E5B5A29C9, ); runOnlyForDeploymentPostprocessing = 0; };
		F266D4C777D41FE6FD94DC12 = {isa = PBXSourcesBuildPhase; buildActionMask = 2147483647; files = (
					ADCC1F188FC250EBF581EE75,
					B4A211A858B5F8BE24F49624,
					6E8CD8837605ED4F9ADBD8BC, ); runOnlyForDeploymentPostprocessing = 0; };
		3C4F058B673D7B1177BBE7C0 = {isa = PBXFrameworksBuildPhase; buildActionMask = 2147483647; files = (  ); runOnlyForDeploymentPostprocessing = 0; };
		BBB0A4609900B845BFAD334F = {isa = PBXShellScriptBuildPhase; buildActionMask = 2147483647; files = (  ); runOnlyForDeploymentPostprocessing = 0; name = "Post-build script"; shellPath = /bin/sh; shellScript = "\n# This script takes the build product and copies it to the AU, VST, VST3, RTAS and AAX folders, depending on \n# which plugin types you've built\n\noriginal=$CONFIGURATION_BUILD_DIR/$FULL_PRODUCT_NAME\n\n# this looks inside the binary to detect which platforms are needed.. \ncopyAU=`nm -g \"$CONFIGURATION_BUILD_DIR/$EXECUTABLE_PATH\" | grep -i 'AudioUnit' | wc -l`\ncopyVST=`nm -g \"$CONFIGURATION_BUILD_DIR/$EXECUTABLE_PATH\" | grep -i 'VSTPlugin' | wc -l`\ncopyVST3=`nm -g \"$CONFIGURATION_BUILD_DIR/$EXECUTABLE_PATH\" | grep -i 'GetPluginFactory' | wc -l`\ncopyRTAS=`nm -g \"$CONFIGURATION_BUILD_DIR/$EXECUTABLE_PATH\" | grep -i 'CProcess' | wc -l`\ncopyAAX=`nm -g \"$CONFIGURATION_BUILD_DIR/$EXECUTABLE_PATH\" | grep -i 'ACFStartup' | wc -l`\n\nif [ $copyAU -gt 0 ]; then\n  echo \"Copying to AudioUnit folder...\"\n  AU=~/Library/Audio/Plug-Ins/Components/$PRODUCT_NAME.component\n  if [ -d \"$AU\" ]; then \n    rm -r \"$AU\"\n  fi\n\n  cp -r \"$original\" \"$AU\"\n  sed -i \"\" -e 's/TDMwPTul/BNDLPTul/g' \"$AU/Contents/PkgInfo\"\n  sed -i \"\" -e 's/TDMw/BNDL/g' \"$AU/Contents/$INFOPLIST_FILE\"\n\n  # Fix info.plist for AUs built with Xcode 3\n  if [ -f \"$DEVELOPER_DIR/Library/Developer/CoreAudio/AudioUnits/AUPublic/AUBase/AUPlugInDispatch.cpp\" ]; then\n    echo\n  else\n    echo \"Removing AudioComponents entry from Info.plist because this is not a new-format AU\"\n    /usr/libexec/PlistBuddy -c \"Delete AudioComponents\" \"$AU/Contents/Info.plist\"\n  fi\nfi\n\nif [ $copyVST -gt 0 ]; then\n  echo \"Copying to VST folder...\"\n  VST=~/Library/Audio/Plug-Ins/VST/$PRODUCT_NAME.vst\n  if [ -d \"$VST\" ]; then \n    rm -r \"$VST\"\n  fi\n\n  cp -r \"$original\" \"$VST\"\n  sed -i \"\" -e 's/TDMwPTul/BNDLPTul/g' \"$VST/Contents/PkgInfo\"\n  sed -i \"\" -e 's/TDMw/BNDL/g' \"$VST/Contents/$INFOPLIST_FILE\"\nfi\n\nif [ $copyVST3 -gt 0 ]; then\n  echo \"Copying to VST3 folder...\"\n  VST3=~/Library/Audio/Plug-Ins/VST3/$PRODUCT_NAME.vst3\n  if [ -d \"$VST3\" ]; then \n    rm -r \"$VST3\"\n  fi\n\n  cp -r \"$original\" \"$VST3\"\n  sed -i \"\" -e 's/TDMwPTul/BNDLPTul/g' \"$VST3/Contents/PkgInfo\"\n  sed -i \"\" -e 's/TDMw/BNDL/g' \"$VST3/Contents/$INFOPLIST_FILE\"\nfi\n\nif [ $copyRTAS -gt 0 ]; then\n  echo \"Copying to RTAS folder...\"\n  RTAS=/Library/Application\\ Support/Digidesign/Plug-Ins/$PRODUCT_NAME.dpm\n  if [ -d \"$RTAS\" ]; then\n    rm -r \"$RTAS\"\n  fi\n\n  cp -r \"$original\" \"$RTAS\"\nfi\n\nif [ $copyAAX -gt 0 ]; then\n  echo \"Copying to AAX folder...\"\n\n  if [ -d \"/Applications/ProTools_3PDev/Plug-Ins\" ]; then\n    AAX1=\"/Applications/ProTools_3PDev/Plug-Ins/$PRODUCT_NAME.aaxplugin\"\n\n    if [ -d \"$AAX1\" ]; then\n      rm -r \"$AAX1\"\n    fi\n\n    cp -r \"$original\" \"$AAX1\"\n  fi\n\n  if [ -d \"/Library/Application Support/Avid/Audio/Plug-Ins\" ]; then\n    AAX2=\"/Library/Application Support/Avid/Audio/Plug-Ins/$PRODUCT_NAME.aaxplugin\"\n\n    if [ -d \"$AAX2\" ]; then\n      rm -r \"$AAX2\"\n    fi\n\n    cp -r \"$original\" \"$AAX2\"\n  fi\nfi\n"; };
		B879EC8C70A16BCE6F00E002 = {isa = PBXNativeTarget; buildConfigurationList = C04B55E17E4601CFF6FB1C62; buildPhases = (
					B429E40827AF6EA769286183,
					F266D4C777D41FE6FD94DC12,
					3C4F058B673D7B1177BBE7C0,
					BBB0A4609900B845BFAD334F, ); buildRules = ( ); dependencies = ( ); name = sBMP4; productName = sBMP4; productReference = 1782140EF3306DC68018D380; productInstallPath = "$(HOME)/Library/Audio/Plug-Ins/Components/"; productType = "com.apple.product-type.bundle"; };
		CA9D797AE86BA263D233F4E5 = {isa = PBXProject; buildConfigurationList = A5C9222D7CAA4F2049D4A266; attributes = { LastUpgradeCheck = 0440; }; compatibilityVersion = "Xcode 3.2"; hasScannedForEncodings = 0; mainGroup = 88A0F90E60A336E453B2D18E; projectDirPath = ""; projectRoot = ""; targets = ( B879EC8C70A16BCE6F00E002 ); };
	};
	rootObject = CA9D797AE86BA263D233F4E5;
}
